{"SurveyEntry":{"SurveyID":"SV_9RnmgYsz6coyhca","SurveyName":"Demo data for R Workshop","SurveyDescription":null,"SurveyOwnerID":"UR_6EkryMVtFiYj9tz","SurveyBrandID":"ucf","DivisionID":"DV_57m2BjBAI1gCFtX","SurveyLanguage":"EN","SurveyActiveResponseSet":"RS_d6F6l10ABoqBnNQ","SurveyStatus":"Active","SurveyStartDate":"0000-00-00 00:00:00","SurveyExpirationDate":"0000-00-00 00:00:00","SurveyCreationDate":"2022-06-22 10:51:51","CreatorID":"UR_6EkryMVtFiYj9tz","LastModified":"2023-03-02 20:21:16","LastAccessed":"0000-00-00 00:00:00","LastActivated":"2022-06-22 10:54:41","Deleted":null},"SurveyElements":[{"SurveyID":"SV_9RnmgYsz6coyhca","Element":"BL","PrimaryAttribute":"Survey Blocks","SecondaryAttribute":null,"TertiaryAttribute":null,"Payload":{"1":{"Type":"Trash","Description":"Trash \/ Unused Questions","ID":"BL_9ouAxhHMNzFJQlU","BlockElements":[]},"4":{"Type":"Standard","SubType":"","Description":"TIPI","ID":"BL_a3ImcXV9ZqxhGmy","BlockElements":[{"Type":"Question","QuestionID":"QID9"},{"Type":"Page Break"},{"Type":"Question","QuestionID":"QID10"},{"Type":"Question","QuestionID":"QID11"}],"Options":{"BlockLocking":false,"RandomizeQuestions":"false","BlockVisibility":"Collapsed"}},"5":{"Type":"Standard","SubType":"","Description":"Intro","ID":"BL_25Lc3ITqJxVIrXw","BlockElements":[{"Type":"Question","QuestionID":"QID12"}],"Options":{"BlockLocking":"false","RandomizeQuestions":"false","BlockVisibility":"Expanded"}},"8":{"Type":"Standard","SubType":"","Description":"Attention Checks","ID":"BL_0dH8TxbSd4nmQNo","BlockElements":[{"Type":"Question","QuestionID":"QID25"},{"Type":"Page Break"},{"Type":"Question","QuestionID":"QID26"}],"Options":{"BlockLocking":"false","RandomizeQuestions":"false","BlockVisibility":"Expanded"}},"10":{"Type":"Standard","SubType":"","Description":"Demographics","ID":"BL_beyiO6yc5extdTo","BlockElements":[{"Type":"Question","QuestionID":"QID1715565625"},{"Type":"Question","QuestionID":"QID1715565626"},{"Type":"Question","QuestionID":"QID1715565627"},{"Type":"Question","QuestionID":"QID1715565628"},{"Type":"Question","QuestionID":"QID1715565629"},{"Type":"Question","QuestionID":"QID1715565630"},{"Type":"Question","QuestionID":"QID27"},{"Type":"Question","QuestionID":"QID1715565631"}],"Options":{"BlockLocking":false,"RandomizeQuestions":"false","BlockVisibility":"Expanded"}},"11":{"Type":"Standard","SubType":"","Description":"Feedback","ID":"BL_9yi8ZuFWAfJXos6","BlockElements":[{"Type":"Question","QuestionID":"QID1715564212"}]},"12":{"Type":"Standard","SubType":"","Description":"Custom Javascript","ID":"BL_81Ba5mmgt18k9O6","BlockElements":[{"Type":"Question","QuestionID":"QID36"}],"Options":{"BlockLocking":"false","RandomizeQuestions":"false","BlockVisibility":"Collapsed"}},"13":{"Type":"Standard","SubType":"","Description":"Colors order","ID":"BL_3DGorDE4Uj00pSK","BlockElements":[{"Type":"Question","QuestionID":"QID38"}]},"14":{"Type":"Standard","SubType":"","Description":"Building Blocks","ID":"BL_6PR4ZJRezmz4oMS","BlockElements":[{"Type":"Question","QuestionID":"QID39"}]},"15":{"Type":"Standard","SubType":"","Description":"Image Hotspot","ID":"BL_aUUneOeRrKbpc2O","BlockElements":[{"Type":"Question","QuestionID":"QID40"}],"Options":{"BlockLocking":"false","RandomizeQuestions":"false","BlockVisibility":"Expanded"}},"16":{"Type":"Standard","SubType":"","Description":"Image Heatmap Clicks","ID":"BL_cGCf27EFLtzaEWq","BlockElements":[{"Type":"Question","QuestionID":"QID41"}]}}},{"SurveyID":"SV_9RnmgYsz6coyhca","Element":"FL","PrimaryAttribute":"Survey Flow","SecondaryAttribute":null,"TertiaryAttribute":null,"Payload":{"Type":"Root","FlowID":"FL_1","Flow":[{"Type":"EmbeddedData","FlowID":"FL_10","EmbeddedData":[{"Description":"SOURCE","Type":"Recipient","Field":"SOURCE","VariableType":"String","DataVisibility":[],"AnalyzeText":false}]},{"Type":"Standard","ID":"BL_25Lc3ITqJxVIrXw","FlowID":"FL_2","Autofill":[]},{"Type":"Standard","ID":"BL_beyiO6yc5extdTo","FlowID":"FL_8","Autofill":[]},{"Type":"Standard","ID":"BL_81Ba5mmgt18k9O6","FlowID":"FL_11","Autofill":[]},{"Type":"Standard","ID":"BL_0dH8TxbSd4nmQNo","FlowID":"FL_6","Autofill":[]},{"Type":"Standard","ID":"BL_a3ImcXV9ZqxhGmy","FlowID":"FL_5","Autofill":[]},{"ID":"BL_3DGorDE4Uj00pSK","Type":"Standard","FlowID":"FL_12"},{"ID":"BL_6PR4ZJRezmz4oMS","Type":"Standard","FlowID":"FL_13"},{"ID":"BL_aUUneOeRrKbpc2O","Type":"Standard","FlowID":"FL_14"},{"ID":"BL_cGCf27EFLtzaEWq","Type":"Standard","FlowID":"FL_15"},{"Type":"Standard","ID":"BL_9yi8ZuFWAfJXos6","FlowID":"FL_9","Autofill":[]}],"Properties":{"Count":15,"RemovedFieldsets":[]}}},{"SurveyID":"SV_9RnmgYsz6coyhca","Element":"NT","PrimaryAttribute":"NT_e9xjIEieNPtW5GC","SecondaryAttribute":null,"TertiaryAttribute":null,"Payload":{"Notes":[{"Message":"grab gender question from OpenAI","ID":"NO_ezAUaHqov2hrdhY","UserID":"UR_6EkryMVtFiYj9tz","Timestamp":1677787973,"Removed":false}],"UserStatuses":{"UR_6EkryMVtFiYj9tz":"Expanded"},"ParentID":"QID3","ID":"NT_e9xjIEieNPtW5GC"}},{"SurveyID":"SV_9RnmgYsz6coyhca","Element":"PL","PrimaryAttribute":"Preview Link","SecondaryAttribute":null,"TertiaryAttribute":null,"Payload":{"PreviewType":"Brand","PreviewID":"194deaf8-aea5-4936-a922-49dcdd4ec8fe"}},{"SurveyID":"SV_9RnmgYsz6coyhca","Element":"SO","PrimaryAttribute":"Survey Options","SecondaryAttribute":null,"TertiaryAttribute":null,"Payload":{"BackButton":"false","SaveAndContinue":"true","SurveyProtection":"PublicSurvey","BallotBoxStuffingPrevention":"false","NoIndex":"Yes","SecureResponseFiles":"true","SurveyExpiration":"None","SurveyTermination":"DefaultMessage","Header":"","Footer":"","ProgressBarDisplay":"Text","PartialData":"+1 week","ValidationMessage":null,"PreviousButton":"Back","NextButton":"Next","SurveyTitle":"Qualtrics Survey | Qualtrics Experience Management","SkinLibrary":"ucf","SkinType":"MQ","Skin":"ucf1","NewScoring":1,"EOSMessage":null,"ShowExportTags":"false","CollectGeoLocation":"false","SurveyMetaDescription":"The most powerful, simple and trusted way to gather experience data. Start your journey to experience management and try a free account today.","PasswordProtection":"No","AnonymizeResponse":"Yes","RefererCheck":"No","UseCustomSurveyLinkCompletedMessage":null,"SurveyLinkCompletedMessage":null,"SurveyLinkCompletedMessageLibrary":null,"ResponseSummary":"No","EOSMessageLibrary":null,"EOSRedirectURL":null,"EmailThankYou":"false","ThankYouEmailMessageLibrary":null,"ThankYouEmailMessage":null,"ValidateMessage":"false","ValidationMessageLibrary":null,"InactiveSurvey":null,"PartialDeletion":null,"PartialDataCloseAfter":"LastActivity","InactiveMessageLibrary":null,"InactiveMessage":null,"AvailableLanguages":{"EN":[]},"CustomStyles":{"customCSS":".Skin #Buttons #NextButton, .Skin #Buttons #PreviousButt\non {font-size:3em}"},"RecaptchaV3":"false","ConfirmStart":false,"AutoConfirmStart":false,"RelevantID":"false","RelevantIDLockoutPeriod":"+30 days","ProtectSelectionIds":true}},{"SurveyID":"SV_9RnmgYsz6coyhca","Element":"SCO","PrimaryAttribute":"Scoring","SecondaryAttribute":null,"TertiaryAttribute":null,"Payload":{"ScoringCategories":[],"ScoringCategoryGroups":[],"ScoringSummaryCategory":null,"ScoringSummaryAfterQuestions":0,"ScoringSummaryAfterSurvey":0,"DefaultScoringCategory":null,"AutoScoringCategory":null}},{"SurveyID":"SV_9RnmgYsz6coyhca","Element":"PROJ","PrimaryAttribute":"CORE","SecondaryAttribute":null,"TertiaryAttribute":"1.1.0","Payload":{"ProjectCategory":"CORE","SchemaVersion":"1.1.0"}},{"SurveyID":"SV_9RnmgYsz6coyhca","Element":"STAT","PrimaryAttribute":"Survey Statistics","SecondaryAttribute":null,"TertiaryAttribute":null,"Payload":{"MobileCompatible":true,"ID":"Survey Statistics"}},{"SurveyID":"SV_9RnmgYsz6coyhca","Element":"QC","PrimaryAttribute":"Survey Question Count","SecondaryAttribute":"41","TertiaryAttribute":null,"Payload":null},{"SurveyID":"SV_9RnmgYsz6coyhca","Element":"SQ","PrimaryAttribute":"QID1715565627","SecondaryAttribute":"50 States, D.C. and Puerto Rico","TertiaryAttribute":null,"Payload":{"QuestionText":"<p>In which state do you currently reside?<\/p>","QuestionType":"MC","Selector":"DL","Configuration":{"QuestionDescriptionOption":"SpecifyLabel"},"QuestionDescription":"50 States, D.C. and Puerto Rico","Choices":{"1":{"Display":"Alabama"},"2":{"Display":"Alaska"},"3":{"Display":"Arizona"},"4":{"Display":"Arkansas"},"5":{"Display":"California"},"6":{"Display":"Colorado"},"7":{"Display":"Connecticut"},"8":{"Display":"Delaware"},"9":{"Display":"District of Columbia"},"10":{"Display":"Florida"},"11":{"Display":"Georgia"},"12":{"Display":"Hawaii"},"13":{"Display":"Idaho"},"14":{"Display":"Illinois"},"15":{"Display":"Indiana"},"16":{"Display":"Iowa"},"17":{"Display":"Kansas"},"18":{"Display":"Kentucky"},"19":{"Display":"Louisiana"},"20":{"Display":"Maine"},"21":{"Display":"Maryland"},"22":{"Display":"Massachusetts"},"23":{"Display":"Michigan"},"24":{"Display":"Minnesota"},"25":{"Display":"Mississippi"},"26":{"Display":"Missouri"},"27":{"Display":"Montana"},"28":{"Display":"Nebraska"},"29":{"Display":"Nevada"},"30":{"Display":"New Hampshire"},"31":{"Display":"New Jersey"},"32":{"Display":"New Mexico"},"33":{"Display":"New York"},"34":{"Display":"North Carolina"},"35":{"Display":"North Dakota"},"36":{"Display":"Ohio"},"37":{"Display":"Oklahoma"},"38":{"Display":"Oregon"},"39":{"Display":"Pennsylvania"},"40":{"Display":"Puerto Rico"},"41":{"Display":"Rhode Island"},"42":{"Display":"South Carolina"},"43":{"Display":"South Dakota"},"44":{"Display":"Tennessee"},"45":{"Display":"Texas"},"46":{"Display":"Utah"},"47":{"Display":"Vermont"},"48":{"Display":"Virginia"},"49":{"Display":"Washington"},"50":{"Display":"West Virginia"},"51":{"Display":"Wisconsin"},"52":{"Display":"Wyoming"},"53":{"Display":"I do not reside in the United States"}},"ChoiceOrder":[1,2,3,4,5,6,7,8,9,10,11,12,13,14,15,16,17,18,19,20,21,22,23,24,25,26,27,28,29,30,31,32,33,34,35,36,37,38,39,40,41,42,43,44,45,46,47,48,49,50,51,52,53],"Validation":{"Settings":{"ForceResponse":"RequestResponse","ForceResponseType":"RequestResponse","Type":"None"}},"Language":[],"NextChoiceId":54,"NextAnswerId":1,"DataVisibility":{"Private":false,"Hidden":false},"AnalyzeChoices":{"51":"on","52":"on"},"QuestionText_Unsafe":"<p>In which state do you currently reside?<\/p>","DataExportTag":"demo_state","QuestionID":"QID1715565627"}},{"SurveyID":"SV_9RnmgYsz6coyhca","Element":"SQ","PrimaryAttribute":"QID36","SecondaryAttribute":"Click on the word HELLO to continue*. *Powered by custom Javascript on this question.","TertiaryAttribute":null,"Payload":{"QuestionText":"<span style=\"font-size:22px;\"><strong>Click on the word HELLO to continue*.<\/strong><\/span><br \/>\n<br \/>\n*Powered by custom Javascript on this question.","DefaultChoices":false,"DataExportTag":"custom_javascript","QuestionType":"DB","Selector":"TB","Configuration":{"QuestionDescriptionOption":"UseText"},"QuestionDescription":"Click on the word HELLO to continue*. *Powered by custom Javascript on this question.","ChoiceOrder":[],"Validation":{"Settings":{"Type":"None"}},"GradingData":[],"Language":[],"NextChoiceId":4,"NextAnswerId":1,"QuestionID":"QID36","QuestionJS":"\/\/create Qualtrics.SurveyEngine.QuestionData object\nQualtrics.SurveyEngine.addOnload(function ()\n{\n    \/\/disables the next button on the page\n    this.disableNextButton();\n    \/\/question click is a simple onclick handler\n    \/\/attached to the question's container div\n    this.questionclick = function(event,element)\n    {\n\n                \/\/enables the next button - Note that the QuestionData object is bound to this to make it easier to use\n                this.enableNextButton();\n\t}\n});"}},{"SurveyID":"SV_9RnmgYsz6coyhca","Element":"SQ","PrimaryAttribute":"QID41","SecondaryAttribute":"Click the 6 most visually appealing items in the image below.","TertiaryAttribute":null,"Payload":{"QuestionText":"Click the 6 most visually appealing items in the image below.","DefaultChoices":false,"DataExportTag":"heatmap","QuestionType":"HeatMap","Selector":"Image","Configuration":{"QuestionDescriptionOption":"UseText","InputWidth":581,"InputHeight":125},"QuestionDescription":"Click the 6 most visually appealing items in the image below.","Choices":{"1":{"Display":"X,Y"},"2":{"Display":"X,Y"},"3":{"Display":"X,Y"},"4":{"Display":"X,Y"},"5":{"Display":"X,Y"},"6":{"Display":"X,Y"}},"Validation":{"Settings":{"ForceResponse":"OFF","Type":"None"}},"GradingData":[],"Language":[],"NextChoiceId":66,"NextAnswerId":1,"Clicks":6,"Regions":[],"QuestionID":"QID41","Height":500,"Width":500,"GraphicVersion":1677812853441,"GraphicID":"IM_4Hgnty3dOgM6Hs2"}},{"SurveyID":"SV_9RnmgYsz6coyhca","Element":"SQ","PrimaryAttribute":"QID27","SecondaryAttribute":"Click to write the question text","TertiaryAttribute":null,"Payload":{"QuestionText":"Click to write the question text","DefaultChoices":false,"DataExportTag":"demo_browser","QuestionType":"Meta","Selector":"Browser","Configuration":{"QuestionDescriptionOption":"UseText"},"QuestionDescription":"Click to write the question text","Choices":{"1":{"Display":"Browser","TextEntry":1},"2":{"Display":"Version","TextEntry":1},"3":{"Display":"Operating System","TextEntry":1},"4":{"Display":"Screen Resolution","TextEntry":1},"5":{"Display":"Flash Version","TextEntry":1},"6":{"Display":"Java Support","TextEntry":1},"7":{"Display":"User Agent","TextEntry":1}},"GradingData":[],"Language":[],"NextChoiceId":4,"NextAnswerId":1,"QuestionID":"QID27"}},{"SurveyID":"SV_9RnmgYsz6coyhca","Element":"RS","PrimaryAttribute":"RS_d6F6l10ABoqBnNQ","SecondaryAttribute":"Default Response Set","TertiaryAttribute":null,"Payload":null},{"SurveyID":"SV_9RnmgYsz6coyhca","Element":"SQ","PrimaryAttribute":"QID1715564212","SecondaryAttribute":"Do you have any other comments, questions, or tips?","TertiaryAttribute":null,"Payload":{"QuestionText":"Do you have any other comments, questions, or tips?","DefaultChoices":false,"QuestionType":"TE","Selector":"ML","Configuration":{"QuestionDescriptionOption":"UseText"},"QuestionDescription":"Do you have any other comments, questions, or tips?","Validation":{"Settings":{"ForceResponse":"OFF","ForceResponseType":"ON","Type":"None"}},"GradingData":[],"Language":[],"QuestionText_Unsafe":"Do you have any other comments, questions, or concerns?","DataExportTag":"feedback","QuestionID":"QID1715564212","DataVisibility":{"Private":false,"Hidden":false},"NextChoiceId":1,"NextAnswerId":1,"SearchSource":{"AllowFreeResponse":"false"}}},{"SurveyID":"SV_9RnmgYsz6coyhca","Element":"SQ","PrimaryAttribute":"QID9","SecondaryAttribute":"Here are a number of personality traits that may or may not apply to you. Indicate the extent to...","TertiaryAttribute":null,"Payload":{"QuestionText":"Here are a number of personality traits that may or may not apply to you. Indicate the extent to which you agree or disagree with that statement. You should rate the extent to which the pair of traits applies to you, even if one characteristic applies more strongly than the other.","DefaultChoices":false,"QuestionType":"DB","Selector":"TB","Configuration":{"QuestionDescriptionOption":"UseText"},"QuestionDescription":"Here are a number of personality traits that may or may not apply to you. Indicate the extent to...","ChoiceOrder":[],"Validation":{"Settings":{"Type":"None"}},"GradingData":[],"Language":[],"NextChoiceId":4,"NextAnswerId":1,"DataVisibility":{"Private":false,"Hidden":false},"QuestionText_Unsafe":"Here are a number of personality traits that may or may not apply to you. Indicate the extent to which you agree or disagree with that statement. You should rate the extent to which the pair of traits applies to you, even if one characteristic applies more strongly than the other.","DataExportTag":"tipi_instruct","QuestionID":"QID9"}},{"SurveyID":"SV_9RnmgYsz6coyhca","Element":"SQ","PrimaryAttribute":"QID1715565625","SecondaryAttribute":"How do you identify?","TertiaryAttribute":null,"Payload":{"QuestionText":"How do you identify?","DefaultChoices":false,"QuestionType":"MC","Selector":"SAVR","SubSelector":"TX","DataVisibility":{"Private":false,"Hidden":false},"Configuration":{"QuestionDescriptionOption":"UseText"},"QuestionDescription":"How do you identify?","Choices":{"7":{"Display":"Man"},"8":{"Display":"Non-binary"},"9":{"Display":"Woman"},"10":{"Display":"Prefer to self-describe","TextEntry":"true"},"11":{"Display":"Do not wish to report"}},"ChoiceOrder":["7","8","9","10","11"],"Validation":{"Settings":{"ForceResponse":"RequestResponse","ForceResponseType":"RequestResponse","Type":"None"}},"GradingData":[],"Language":[],"NextChoiceId":13,"NextAnswerId":1,"QuestionText_Unsafe":"How do you identify?","DataExportTag":"demo_gender","QuestionID":"QID1715565625"}},{"SurveyID":"SV_9RnmgYsz6coyhca","Element":"SQ","PrimaryAttribute":"QID10","SecondaryAttribute":"I see myself as...","TertiaryAttribute":null,"Payload":{"QuestionText":"I see myself as...","DefaultChoices":false,"QuestionType":"Matrix","Selector":"Likert","SubSelector":"SingleAnswer","Configuration":{"QuestionDescriptionOption":"UseText","TextPosition":"inline","ChoiceColumnWidth":25,"RepeatHeaders":"middle","WhiteSpace":"OFF","MobileFirst":true,"ChoiceColumnWidthPixels":156},"QuestionDescription":"I see myself as...","Choices":{"1":{"Display":"Extraverted, enthusiastic"},"2":{"Display":"Dependable, self-disciplined"},"3":{"Display":"Anxious, easily upset"},"4":{"Display":"Critical, quarrelsome"},"5":{"Display":"Open to new experiences, complex"},"6":{"Display":"Reserved, quiet"},"7":{"Display":"Sympathetic, warm"},"8":{"Display":"Disorganized, careless"},"9":{"Display":"Calm, emotionally stable"},"10":{"Display":"Conventional, uncreative"}},"ChoiceOrder":["1","4","2","3","5","6","7","8","9","10"],"Validation":{"Settings":{"ForceResponse":"RequestResponse","ForceResponseType":"RequestResponse","Type":"None"}},"GradingData":[],"Language":[],"NextChoiceId":11,"NextAnswerId":13,"Answers":{"1":{"Display":"Disagree strongly"},"2":{"Display":"Disagree moderately"},"3":{"Display":"Disagree a little"},"4":{"Display":"Neither agree nor disagree"},"5":{"Display":"Agree a little"},"6":{"Display":"Agree moderately"},"7":{"Display":"Agree strongly"}},"AnswerOrder":["1","2","3","4","5","6","7"],"ChoiceDataExportTags":{"1":"TIPI_1","2":"TIPI_3","3":"TIPI_4","4":"TIPI_2","5":"TIPI_5","6":"TIPI_6","7":"TIPI_7","8":"TIPI_8","9":"TIPI_9","10":"TIPI_10"},"DataVisibility":{"Private":false,"Hidden":false},"Randomization":{"Advanced":{"FixedOrder":["{~Randomized~}","{~Randomized~}","{~Randomized~}","{~Randomized~}","{~Randomized~}","{~Randomized~}","{~Randomized~}","{~Randomized~}","{~Randomized~}","{~Randomized~}"],"RandomSubSet":[],"RandomizeAll":["1","2","3","4","5","6","7","8","9","10"],"ScaleReversal":[],"TotalRandSubset":0,"Undisplayed":[]},"ConsistentScaleReversal":true,"EvenPresentation":false,"TotalRandSubset":"","Type":"Advanced"},"QuestionText_Unsafe":"I see myself as...","DataExportTag":"tipi_items","QuestionID":"QID10","RecodeValues":{"1":"1","2":"2","3":"3","4":"4","5":"5","6":"6","7":"7"},"VariableNaming":{"1":"Disagree strongly","2":"Disagree moderately","3":"Disagree a little","4":"Neither agree nor disagree","5":"Agree a little","6":"Agree moderately","7":"Agree strongly"}}},{"SurveyID":"SV_9RnmgYsz6coyhca","Element":"SQ","PrimaryAttribute":"QID40","SecondaryAttribute":"Move your mouse over the image then click if you like (green) or dislike (red) each region. Your...","TertiaryAttribute":null,"Payload":{"QuestionText":"Move your mouse over the image then click if you like (green) or dislike (red) each region. <br><br>Your votes are used to create modified images with the most liked\/disliked regions recreated.","DefaultChoices":false,"DataExportTag":"dalle_image","QuestionType":"HotSpot","Selector":"LikeDislike","Configuration":{"QuestionDescriptionOption":"UseText"},"QuestionDescription":"Move your mouse over the image then click if you like (green) or dislike (red) each region. Your...","Choices":{"8":{"Display":"Region #1"},"9":{"Display":"Region #2"}},"ChoiceOrder":["8","9"],"Validation":{"Settings":{"Type":"None"}},"GradingData":[],"Language":[],"NextChoiceId":10,"NextAnswerId":4,"Regions":[{"Type":"Polygon","Shapes":[[{"X":145,"Y":6},{"X":490,"Y":6},{"X":490,"Y":261},{"X":145,"Y":261}]],"Description":"Region #1","ChoiceID":"8","X":145,"Y":6,"Width":345,"Height":255},{"Type":"Polygon","Shapes":[[{"X":0,"Y":263},{"X":495,"Y":263},{"X":495,"Y":436},{"X":0,"Y":436}]],"Description":"Region #2","ChoiceID":"9","X":0,"Y":263,"Width":495,"Height":173}],"Visibility":"HiddenUntilHover","QuestionID":"QID40","Height":500,"Width":500,"GraphicID":"IM_e4fDEN6cNRdgDYO","Answers":{"1":{"Display":"Dislike"},"2":{"Display":"Neutral"},"3":{"Display":"Like"}}}},{"SurveyID":"SV_9RnmgYsz6coyhca","Element":"SQ","PrimaryAttribute":"QID1715565626","SecondaryAttribute":"Please enter your Year of Birth (format: YYYY; for example, 1991)","TertiaryAttribute":null,"Payload":{"QuestionText":"Please enter your Year of Birth (format: YYYY; for example, 1991)","DefaultChoices":false,"QuestionType":"TE","Selector":"SL","Configuration":{"QuestionDescriptionOption":"UseText","InputWidth":154,"InputHeight":29},"QuestionDescription":"Please enter your Year of Birth (format: YYYY; for example, 1991)","Validation":{"Settings":{"ForceResponse":"RequestResponse","ForceResponseType":"RequestResponse","Type":"ContentType","ContentType":"ValidNumber","ValidDateType":"DateWithFormat","ValidPhoneType":"ValidUSPhone","ValidZipType":"ValidUSZip","ValidNumber":{"Min":"1900","Max":"2020","NumDecimals":"0"}}},"GradingData":[],"Language":[],"NextChoiceId":4,"NextAnswerId":1,"SearchSource":{"AllowFreeResponse":"false"},"DataVisibility":{"Private":false,"Hidden":false},"QuestionText_Unsafe":"Please enter your Year of Birth (format: YYYY; for example, 1991)","DataExportTag":"demo_yob","QuestionID":"QID1715565626"}},{"SurveyID":"SV_9RnmgYsz6coyhca","Element":"SQ","PrimaryAttribute":"QID25","SecondaryAttribute":"Please indicate your agreement with the statement below:","TertiaryAttribute":null,"Payload":{"QuestionText":"Please indicate your agreement with the statement below:","DefaultChoices":false,"DataExportTag":"ac_nonsense","QuestionType":"Matrix","Selector":"Likert","SubSelector":"SingleAnswer","Configuration":{"QuestionDescriptionOption":"UseText","TextPosition":"inline","ChoiceColumnWidth":25,"RepeatHeaders":"none","WhiteSpace":"OFF","MobileFirst":true},"QuestionDescription":"Please indicate your agreement with the statement below:","Choices":{"1":{"Display":"I swim across the Atlantic Ocean everyday to get to work or school"}},"ChoiceOrder":["1"],"Validation":{"Settings":{"ForceResponse":"OFF","Type":"None"}},"GradingData":[],"Language":[],"NextChoiceId":5,"NextAnswerId":5,"Answers":{"1":{"Display":"Strongly Disagree"},"2":{"Display":"Disagree"},"3":{"Display":"Agree"},"4":{"Display":"Strongly Agree"}},"AnswerOrder":["1","2","3","4"],"ChoiceDataExportTags":false,"QuestionID":"QID25","DataVisibility":{"Private":false,"Hidden":false}}},{"SurveyID":"SV_9RnmgYsz6coyhca","Element":"SQ","PrimaryAttribute":"QID1715565630","SecondaryAttribute":"Please select the Ethnicity with which you MOST CLOSELY identify.","TertiaryAttribute":null,"Payload":{"QuestionText":"Please select the Ethnicity with which you MOST CLOSELY identify.","QuestionType":"MC","Selector":"SAVR","SubSelector":"TX","Configuration":{"QuestionDescriptionOption":"UseText"},"QuestionDescription":"Please select the Ethnicity with which you MOST CLOSELY identify.","Choices":{"1":{"Display":"Hispanic or Latinx"},"2":{"Display":"Not Hispanic or Latinx"},"3":{"Display":"Unknown"},"4":{"Display":"Prefer not to say"}},"ChoiceOrder":[1,2,3,4],"Validation":{"Settings":{"ForceResponse":"RequestResponse","ForceResponseType":"RequestResponse","Type":"None"}},"Language":[],"NextChoiceId":5,"NextAnswerId":1,"DataVisibility":{"Private":false,"Hidden":false},"QuestionText_Unsafe":"Please select the Ethnicity with which you MOST CLOSELY identify.","DataExportTag":"demo_eth","QuestionID":"QID1715565630"}},{"SurveyID":"SV_9RnmgYsz6coyhca","Element":"SQ","PrimaryAttribute":"QID1715565629","SecondaryAttribute":"Please select the Race(s) with which you MOST CLOSELY\u00a0identify.","TertiaryAttribute":null,"Payload":{"QuestionText":"<div>Please select the Race(s) with which you MOST CLOSELY&nbsp;identify.<\/div>","DefaultChoices":false,"QuestionType":"MC","Selector":"MAVR","SubSelector":"TX","Configuration":{"QuestionDescriptionOption":"UseText"},"QuestionDescription":"Please select the Race(s) with which you MOST CLOSELY\u00a0identify.","Choices":{"1":{"Display":"American Indian or Alaska Native"},"2":{"Display":"Asian"},"3":{"Display":"Black or African-American"},"4":{"Display":"Native Hawaiian or Other Pacific Islander"},"5":{"Display":"White"},"6":{"Display":"Unknown"},"7":{"Display":"Prefer not to say"}},"ChoiceOrder":[1,2,3,4,5,6,7],"Validation":{"Settings":{"ForceResponse":"RequestResponse","ForceResponseType":"RequestResponse","Type":"None"}},"GradingData":[],"Language":[],"NextChoiceId":8,"NextAnswerId":1,"DataVisibility":{"Private":false,"Hidden":false},"QuestionText_Unsafe":"<div>Please select the Race(s) with which you MOST CLOSELY&nbsp;identify.<\/div>","DataExportTag":"demo_race","QuestionID":"QID1715565629"}},{"SurveyID":"SV_9RnmgYsz6coyhca","Element":"SQ","PrimaryAttribute":"QID38","SecondaryAttribute":"Rank order your favorite colors from the list below","TertiaryAttribute":null,"Payload":{"QuestionText":"Rank order your favorite colors from the list below","DefaultChoices":false,"DataExportTag":"color_rank","QuestionType":"RO","Selector":"DND","SubSelector":"TX","Configuration":{"QuestionDescriptionOption":"UseText"},"QuestionDescription":"Rank order your favorite colors from the list below","Choices":{"1":{"Display":"Green"},"2":{"Display":"Red"},"3":{"Display":"Orange"},"4":{"Display":"Yellow"},"5":{"Display":"Blue"},"6":{"Display":""},"7":{"Display":"Purple"}},"ChoiceOrder":["1","2","3","4","5","7","6"],"Validation":{"Settings":{"ForceResponse":"OFF","Type":"None"}},"GradingData":[],"Language":[],"NextChoiceId":8,"NextAnswerId":1,"QuestionID":"QID38"}},{"SurveyID":"SV_9RnmgYsz6coyhca","Element":"SQ","PrimaryAttribute":"QID39","SecondaryAttribute":"Stack three blocks","TertiaryAttribute":null,"Payload":{"QuestionText":"Stack three blocks","DefaultChoices":false,"DataExportTag":"stack_blocks","QuestionType":"SS","Selector":"TA","Configuration":{"QuestionDescriptionOption":"UseText"},"QuestionDescription":"Stack three blocks","Validation":{"Settings":{"ForceResponse":"OFF"}},"GradingData":[],"Language":[],"NextChoiceId":12,"NextAnswerId":1,"Category":"Bars","Scale":"Bar9_Legos","Choices":[{"Display":"0"},{"Display":"1"},{"Display":2},{"Display":3},{"Display":4},{"Display":5},{"Display":6},{"Display":7},{"Display":8},{"Display":9},{"Display":10}],"QuestionID":"QID39","Direction":"horizontal"}},{"SurveyID":"SV_9RnmgYsz6coyhca","Element":"SQ","PrimaryAttribute":"QID26","SecondaryAttribute":"The colour test you are about fo take part in is very simple, when asked for your favourite colou...","TertiaryAttribute":null,"Payload":{"QuestionText":"The colour test you are about fo take part in is very simple, when asked for your favourite\ncolour you must select \u2018Green\u2019. This Is an attention check.\n<br><br>Based on the text you read above, what colour have you been asked to enter?","DefaultChoices":false,"DataExportTag":"ac_imc","QuestionType":"MC","Selector":"SAVR","SubSelector":"TX","Configuration":{"QuestionDescriptionOption":"UseText"},"QuestionDescription":"The colour test you are about fo take part in is very simple, when asked for your favourite colou...","Choices":{"1":{"Display":"Blue"},"2":{"Display":"Green"},"3":{"Display":"Yellow"},"4":{"Display":"Orange"},"5":{"Display":"Red"},"6":{"Display":"Brown"}},"ChoiceOrder":["1","2","3","4","5","6"],"Validation":{"Settings":{"ForceResponse":"OFF","Type":"None"}},"GradingData":[],"Language":[],"NextChoiceId":7,"NextAnswerId":1,"QuestionID":"QID26","DataVisibility":{"Private":false,"Hidden":false}}},{"SurveyID":"SV_9RnmgYsz6coyhca","Element":"SQ","PrimaryAttribute":"QID12","SecondaryAttribute":"This is a demo survey to illustrate a few concepts in learning to use Qualtrics to collect resear...","TertiaryAttribute":null,"Payload":{"QuestionText":"This is a demo survey to illustrate a few concepts in learning to use Qualtrics to collect research data.","DefaultChoices":false,"DataExportTag":"intro","QuestionType":"DB","Selector":"TB","Configuration":{"QuestionDescriptionOption":"UseText"},"QuestionDescription":"This is a demo survey to illustrate a few concepts in learning to use Qualtrics to collect resear...","ChoiceOrder":[],"Validation":{"Settings":{"Type":"None"}},"GradingData":[],"Language":[],"NextChoiceId":4,"NextAnswerId":1,"QuestionID":"QID12"}},{"SurveyID":"SV_9RnmgYsz6coyhca","Element":"SQ","PrimaryAttribute":"QID11","SecondaryAttribute":"Timing","TertiaryAttribute":null,"Payload":{"QuestionText":"Timing","DefaultChoices":false,"QuestionType":"Timing","Selector":"PageTimer","Configuration":{"QuestionDescriptionOption":"UseText","MinSeconds":"0","MaxSeconds":"0"},"QuestionDescription":"Timing","Choices":{"1":{"Display":"First Click"},"2":{"Display":"Last Click"},"3":{"Display":"Page Submit"},"4":{"Display":"Click Count"}},"GradingData":[],"Language":[],"NextChoiceId":24,"NextAnswerId":1,"DataVisibility":{"Private":false,"Hidden":false},"QuestionText_Unsafe":"Timing","DataExportTag":"tipi_timer","QuestionID":"QID11"}},{"SurveyID":"SV_9RnmgYsz6coyhca","Element":"SQ","PrimaryAttribute":"QID1715565631","SecondaryAttribute":"Timing","TertiaryAttribute":null,"Payload":{"QuestionText":"Timing","DefaultChoices":false,"QuestionType":"Timing","Selector":"PageTimer","Configuration":{"QuestionDescriptionOption":"UseText","MinSeconds":"0","MaxSeconds":"0"},"QuestionDescription":"Timing","Choices":{"1":{"Display":"First Click"},"2":{"Display":"Last Click"},"3":{"Display":"Page Submit"},"4":{"Display":"Click Count"}},"GradingData":[],"Language":[],"NextChoiceId":120,"NextAnswerId":1,"QuestionText_Unsafe":"Timing","DataVisibility":{"Private":false,"Hidden":false},"DataExportTag":"demo_timer","QuestionID":"QID1715565631"}},{"SurveyID":"SV_9RnmgYsz6coyhca","Element":"SQ","PrimaryAttribute":"QID1715565628","SecondaryAttribute":"What is the highest grade or level of school you have completed or the highest degree you have re...","TertiaryAttribute":null,"Payload":{"QuestionText":"<div>What is the highest grade or level of school you have completed or the highest degree you have received?<\/div><div><br><\/div><div><div><div><div><\/div><\/div><\/div><\/div>","QuestionType":"MC","Selector":"SAVR","SubSelector":"TX","Configuration":{"QuestionDescriptionOption":"UseText"},"QuestionDescription":"What is the highest grade or level of school you have completed or the highest degree you have re...","Choices":{"1":{"Display":"Less than high school diploma (or equivalent)"},"2":{"Display":"High school graduate"},"3":{"Display":"GED or equivalent"},"4":{"Display":"Some college, no degree"},"5":{"Display":"Associate Degree: Occupational, Technical, or Vocational Program"},"6":{"Display":"Associate Degree: Academic Program"},"7":{"Display":"Bachelor's Degree: (Example: BA, AB, BS, BBA)"},"8":{"Display":"Master's Degree: (Example: MA, MS, MEng, MEd, MBA)"},"9":{"Display":"Professional School Degree (Example: MD, DDS, DVM, JD)"},"10":{"Display":"Doctoral Degree (Example: PhD, EdD)"},"11":{"Display":"Prefer not to say"}},"ChoiceOrder":[1,2,3,4,5,6,7,8,9,10,11],"Validation":{"Settings":{"ForceResponse":"RequestResponse","ForceResponseType":"RequestResponse","Type":"None"}},"Language":[],"NextChoiceId":12,"NextAnswerId":1,"DataVisibility":{"Private":false,"Hidden":false},"QuestionText_Unsafe":"<div>What is the highest grade or level of school you have completed or the highest degree you have received?<\/div><div><br><\/div><div><div><div><div><\/div><\/div><\/div><\/div>","DataExportTag":"demo_educ","QuestionID":"QID1715565628"}},{"SurveyID":"SV_9RnmgYsz6coyhca","Element":"TR","PrimaryAttribute":"OC_3qatMdIKAErzf4B","SecondaryAttribute":null,"TertiaryAttribute":"TimerEvent","Payload":{"Name":"New Workflow","EventType":"TimerEvent","Type":"OnSurveyComplete","EventData":{"fields":[{"modalInfo":{"frequency":"0","frequencyLabel":"Daily","time":["08:00","12:00","16:00","20:00"],"timeZoneLabel":"UTC -05:00 &mdash; Eastern Time (US &amp; Canada)","timeZonePosition":14,"cronString":["0 8 * * *","0 12 * * *","0 16 * * *","0 20 * * *"],"cronSentence":"Daily at 6:00 AM, 10:00 AM, 2:00 PM, 6:00 PM UTC -05:00 \u2014 Eastern Time (US & Canada). Starts immediately once the workflow is activated; ends never"},"name":"cron","value":["0 8 * * *","0 12 * * *","0 16 * * *","0 20 * * *"],"timeZone":"America\/New_York"}]},"UserTimeZone":"America\/New_York","elementConfigured":true,"tier":"STANDARD_TIER","branches":[],"disabled":true,"loops":[],"ParentOutcomeId":null,"WorkflowDataSourceId":null,"WorkflowDataSourceName":null,"TriggerAction":"Outcome"}}]}